
Microsoft Visual Studio Solution File, Format Version 12.00
# Visual Studio 14
VisualStudioVersion = 14.0.24720.0
MinimumVisualStudioVersion = 10.0.40219.1
Project("{FAE04EC0-301F-11D3-BF4B-00C04F79EFBC}") = "RoboClient", "RoboClient\RoboClient.csproj", "{1D695B05-2C18-4D0B-9DEA-D8C869EC74DB}"
	ProjectSection(ProjectDependencies) = postProject
		{29C650FD-AC63-4E6E-8D66-5CCFC613D385} = {29C650FD-AC63-4E6E-8D66-5CCFC613D385}
	EndProjectSection
EndProject
Project("{FAE04EC0-301F-11D3-BF4B-00C04F79EFBC}") = "RoboLab", "RoboLabLib\RoboLab.csproj", "{29C650FD-AC63-4E6E-8D66-5CCFC613D385}"
EndProject
Project("{FAE04EC0-301F-11D3-BF4B-00C04F79EFBC}") = "RoboServer", "RoboServer\RoboServer.csproj", "{EE64F359-C719-4686-9732-7330317EED64}"
EndProject
Global
	GlobalSection(SolutionConfigurationPlatforms) = preSolution
		Debug|Any CPU = Debug|Any CPU
		Release|Any CPU = Release|Any CPU
	EndGlobalSection
	GlobalSection(ProjectConfigurationPlatforms) = postSolution
		{1D695B05-2C18-4D0B-9DEA-D8C869EC74DB}.Debug|Any CPU.ActiveCfg = Debug|Any CPU
		{1D695B05-2C18-4D0B-9DEA-D8C869EC74DB}.Debug|Any CPU.Build.0 = Debug|Any CPU
		{1D695B05-2C18-4D0B-9DEA-D8C869EC74DB}.Release|Any CPU.ActiveCfg = Release|Any CPU
		{1D695B05-2C18-4D0B-9DEA-D8C869EC74DB}.Release|Any CPU.Build.0 = Release|Any CPU
		{29C650FD-AC63-4E6E-8D66-5CCFC613D385}.Debug|Any CPU.ActiveCfg = Debug|Any CPU
		{29C650FD-AC63-4E6E-8D66-5CCFC613D385}.Debug|Any CPU.Build.0 = Debug|Any CPU
		{29C650FD-AC63-4E6E-8D66-5CCFC613D385}.Release|Any CPU.ActiveCfg = Release|Any CPU
		{29C650FD-AC63-4E6E-8D66-5CCFC613D385}.Release|Any CPU.Build.0 = Release|Any CPU
		{EE64F359-C719-4686-9732-7330317EED64}.Debug|Any CPU.ActiveCfg = Debug|Any CPU
		{EE64F359-C719-4686-9732-7330317EED64}.Debug|Any CPU.Build.0 = Debug|Any CPU
		{EE64F359-C719-4686-9732-7330317EED64}.Release|Any CPU.ActiveCfg = Release|Any CPU
		{EE64F359-C719-4686-9732-7330317EED64}.Release|Any CPU.Build.0 = Release|Any CPU
	EndGlobalSection
	GlobalSection(SolutionProperties) = preSolution
		HideSolutionNode = FALSE
	EndGlobalSection
EndGlobal
